
Microsoft Visual Studio Solution File, Format Version 12.00
# Visual Studio Version 18
VisualStudioVersion = 18.4.11620.152 stable
MinimumVisualStudioVersion = 10.0.40219.1
Project("{FAE04EC0-301F-11D3-BF4B-00C04F79EFBC}") = "TAGL", "TAGL.csproj", "{87D09535-B884-EBC7-EBAF-0603353F82CE}"
EndProject
Global
	GlobalSection(SolutionConfigurationPlatforms) = preSolution
		Debug|Any CPU = Debug|Any CPU
		Release|Any CPU = Release|Any CPU
	EndGlobalSection
	GlobalSection(ProjectConfigurationPlatforms) = postSolution
		{87D09535-B884-EBC7-EBAF-0603353F82CE}.Debug|Any CPU.ActiveCfg = Debug|Any CPU
		{87D09535-B884-EBC7-EBAF-0603353F82CE}.Debug|Any CPU.Build.0 = Debug|Any CPU
		{87D09535-B884-EBC7-EBAF-0603353F82CE}.Release|Any CPU.ActiveCfg = Release|Any CPU
		{87D09535-B884-EBC7-EBAF-0603353F82CE}.Release|Any CPU.Build.0 = Release|Any CPU
	EndGlobalSection
	GlobalSection(SolutionProperties) = preSolution
		HideSolutionNode = FALSE
	EndGlobalSection
	GlobalSection(ExtensibilityGlobals) = postSolution
		SolutionGuid = {DDFF2C15-F650-40DB-8F37-37665593FE51}
	EndGlobalSection
EndGlobal
